// !$*UTF8*$!
{
	archiveVersion = 1;
	classes = {
	};
	objectVersion = 55;
	objects = {

/* Begin PBXBuildFile section */
		1270F9532743EB70002466AD /* AppDelegate.swift in Sources */ = {isa = PBXBuildFile; fileRef = 1270F9522743EB70002466AD /* AppDelegate.swift */; };
		1270F9552743EB70002466AD /* SceneDelegate.swift in Sources */ = {isa = PBXBuildFile; fileRef = 1270F9542743EB70002466AD /* SceneDelegate.swift */; };
		1270F95A2743EB70002466AD /* Main.storyboard in Resources */ = {isa = PBXBuildFile; fileRef = 1270F9582743EB70002466AD /* Main.storyboard */; };
		1270F95C2743EB70002466AD /* Assets.xcassets in Resources */ = {isa = PBXBuildFile; fileRef = 1270F95B2743EB70002466AD /* Assets.xcassets */; };
		1270F95F2743EB70002466AD /* LaunchScreen.storyboard in Resources */ = {isa = PBXBuildFile; fileRef = 1270F95D2743EB70002466AD /* LaunchScreen.storyboard */; };
		1270F9672743ECE8002466AD /* TodoListViewController.swift in Sources */ = {isa = PBXBuildFile; fileRef = 1270F9662743ECE8002466AD /* TodoListViewController.swift */; };
		1279E44527EA5B57007AFB96 /* Item.swift in Sources */ = {isa = PBXBuildFile; fileRef = 1279E44427EA5B57007AFB96 /* Item.swift */; };
		1279E44727EA5B5E007AFB96 /* Category.swift in Sources */ = {isa = PBXBuildFile; fileRef = 1279E44627EA5B5E007AFB96 /* Category.swift */; };
		128376D727F39CDE003D54C0 /* SwipeCellKit in Frameworks */ = {isa = PBXBuildFile; productRef = 128376D627F39CDE003D54C0 /* SwipeCellKit */; };
		128376D927F39FC6003D54C0 /* Assets.xcassets in Resources */ = {isa = PBXBuildFile; fileRef = 128376D827F39FC6003D54C0 /* Assets.xcassets */; };
		128376DB27F4F194003D54C0 /* SwipeTableViewController.swift in Sources */ = {isa = PBXBuildFile; fileRef = 128376DA27F4F194003D54C0 /* SwipeTableViewController.swift */; };
		12B0E9E627E61B35002721C4 /* Realm in Frameworks */ = {isa = PBXBuildFile; productRef = 12B0E9E527E61B35002721C4 /* Realm */; };
		12B0E9E827E61B35002721C4 /* RealmSwift in Frameworks */ = {isa = PBXBuildFile; productRef = 12B0E9E727E61B35002721C4 /* RealmSwift */; };
		12FAD58327E25E3100E311E5 /* CategoryViewController.swift in Sources */ = {isa = PBXBuildFile; fileRef = 12FAD58227E25E3100E311E5 /* CategoryViewController.swift */; };
		9719622B8BD413CF5CF6F8C0 /* Pods_Todoey.framework in Frameworks */ = {isa = PBXBuildFile; fileRef = 7A35AE4065C9D6E55856835E /* Pods_Todoey.framework */; };
/* End PBXBuildFile section */

/* Begin PBXFileReference section */
		1270F94F2743EB70002466AD /* Todoey.app */ = {isa = PBXFileReference; explicitFileType = wrapper.application; includeInIndex = 0; path = Todoey.app; sourceTree = BUILT_PRODUCTS_DIR; };
		1270F9522743EB70002466AD /* AppDelegate.swift */ = {isa = PBXFileReference; lastKnownFileType = sourcecode.swift; path = AppDelegate.swift; sourceTree = "<group>"; };
		1270F9542743EB70002466AD /* SceneDelegate.swift */ = {isa = PBXFileReference; lastKnownFileType = sourcecode.swift; path = SceneDelegate.swift; sourceTree = "<group>"; };
		1270F9592743EB70002466AD /* Base */ = {isa = PBXFileReference; lastKnownFileType = file.storyboard; name = Base; path = Base.lproj/Main.storyboard; sourceTree = "<group>"; };
		1270F95B2743EB70002466AD /* Assets.xcassets */ = {isa = PBXFileReference; lastKnownFileType = folder.assetcatalog; path = Assets.xcassets; sourceTree = "<group>"; };
		1270F95E2743EB70002466AD /* Base */ = {isa = PBXFileReference; lastKnownFileType = file.storyboard; name = Base; path = Base.lproj/LaunchScreen.storyboard; sourceTree = "<group>"; };
		1270F9602743EB70002466AD /* Info.plist */ = {isa = PBXFileReference; lastKnownFileType = text.plist.xml; path = Info.plist; sourceTree = "<group>"; };
		1270F9662743ECE8002466AD /* TodoListViewController.swift */ = {isa = PBXFileReference; lastKnownFileType = sourcecode.swift; path = TodoListViewController.swift; sourceTree = "<group>"; };
		1279E44427EA5B57007AFB96 /* Item.swift */ = {isa = PBXFileReference; lastKnownFileType = sourcecode.swift; path = Item.swift; sourceTree = "<group>"; };
		1279E44627EA5B5E007AFB96 /* Category.swift */ = {isa = PBXFileReference; lastKnownFileType = sourcecode.swift; path = Category.swift; sourceTree = "<group>"; };
		128376D827F39FC6003D54C0 /* Assets.xcassets */ = {isa = PBXFileReference; lastKnownFileType = folder.assetcatalog; path = Assets.xcassets; sourceTree = "<group>"; };
		128376DA27F4F194003D54C0 /* SwipeTableViewController.swift */ = {isa = PBXFileReference; lastKnownFileType = sourcecode.swift; path = SwipeTableViewController.swift; sourceTree = "<group>"; };
		12FAD58227E25E3100E311E5 /* CategoryViewController.swift */ = {isa = PBXFileReference; lastKnownFileType = sourcecode.swift; path = CategoryViewController.swift; sourceTree = "<group>"; };
		6737E3329C28D18E858768FF /* Pods-Todoey.debug.xcconfig */ = {isa = PBXFileReference; includeInIndex = 1; lastKnownFileType = text.xcconfig; name = "Pods-Todoey.debug.xcconfig"; path = "Target Support Files/Pods-Todoey/Pods-Todoey.debug.xcconfig"; sourceTree = "<group>"; };
		7A35AE4065C9D6E55856835E /* Pods_Todoey.framework */ = {isa = PBXFileReference; explicitFileType = wrapper.framework; includeInIndex = 0; path = Pods_Todoey.framework; sourceTree = BUILT_PRODUCTS_DIR; };
		9A319851F11941BAC9D9130C /* Pods-Todoey.release.xcconfig */ = {isa = PBXFileReference; includeInIndex = 1; lastKnownFileType = text.xcconfig; name = "Pods-Todoey.release.xcconfig"; path = "Target Support Files/Pods-Todoey/Pods-Todoey.release.xcconfig"; sourceTree = "<group>"; };
/* End PBXFileReference section */

/* Begin PBXFrameworksBuildPhase section */
		1270F94C2743EB70002466AD /* Frameworks */ = {
			isa = PBXFrameworksBuildPhase;
			buildActionMask = 2147483647;
			files = (
				12B0E9E827E61B35002721C4 /* RealmSwift in Frameworks */,
				128376D727F39CDE003D54C0 /* SwipeCellKit in Frameworks */,
				12B0E9E627E61B35002721C4 /* Realm in Frameworks */,
				9719622B8BD413CF5CF6F8C0 /* Pods_Todoey.framework in Frameworks */,
			);
			runOnlyForDeploymentPostprocessing = 0;
		};
/* End PBXFrameworksBuildPhase section */

/* Begin PBXGroup section */
		1270F9462743EB70002466AD = {
			isa = PBXGroup;
			children = (
				1270F9512743EB70002466AD /* Todoey */,
				1270F9502743EB70002466AD /* Products */,
				910665C41F400AF16005B6EF /* Pods */,
				ADB35FA1F013E7DB51DC7654 /* Frameworks */,
			);
			sourceTree = "<group>";
		};
		1270F9502743EB70002466AD /* Products */ = {
			isa = PBXGroup;
			children = (
				1270F94F2743EB70002466AD /* Todoey.app */,
			);
			name = Products;
			sourceTree = "<group>";
		};
		1270F9512743EB70002466AD /* Todoey */ = {
			isa = PBXGroup;
			children = (
				1270F9522743EB70002466AD /* AppDelegate.swift */,
				1270F9542743EB70002466AD /* SceneDelegate.swift */,
				12B19ECB2746963B00B4A395 /* Data Model */,
				12B19ECA2746962A00B4A395 /* Controllers */,
				12B19ECC2746964200B4A395 /* Views */,
				12B19ECD2746966100B4A395 /* Supportin Files */,
				1270F9602743EB70002466AD /* Info.plist */,
				128376D827F39FC6003D54C0 /* Assets.xcassets */,
			);
			path = Todoey;
			sourceTree = "<group>";
		};
		12B19ECA2746962A00B4A395 /* Controllers */ = {
			isa = PBXGroup;
			children = (
				1270F9662743ECE8002466AD /* TodoListViewController.swift */,
				12FAD58227E25E3100E311E5 /* CategoryViewController.swift */,
				128376DA27F4F194003D54C0 /* SwipeTableViewController.swift */,
			);
			path = Controllers;
			sourceTree = "<group>";
		};
		12B19ECB2746963B00B4A395 /* Data Model */ = {
			isa = PBXGroup;
			children = (
				1279E44427EA5B57007AFB96 /* Item.swift */,
				1279E44627EA5B5E007AFB96 /* Category.swift */,
			);
			path = "Data Model";
			sourceTree = "<group>";
		};
		12B19ECC2746964200B4A395 /* Views */ = {
			isa = PBXGroup;
			children = (
				1270F9582743EB70002466AD /* Main.storyboard */,
			);
			path = Views;
			sourceTree = "<group>";
		};
		12B19ECD2746966100B4A395 /* Supportin Files */ = {
			isa = PBXGroup;
			children = (
				1270F95B2743EB70002466AD /* Assets.xcassets */,
				1270F95D2743EB70002466AD /* LaunchScreen.storyboard */,
			);
			path = "Supportin Files";
			sourceTree = "<group>";
		};
		910665C41F400AF16005B6EF /* Pods */ = {
			isa = PBXGroup;
			children = (
				6737E3329C28D18E858768FF /* Pods-Todoey.debug.xcconfig */,
				9A319851F11941BAC9D9130C /* Pods-Todoey.release.xcconfig */,
			);
			name = Pods;
			path = Pods;
			sourceTree = "<group>";
		};
		ADB35FA1F013E7DB51DC7654 /* Frameworks */ = {
			isa = PBXGroup;
			children = (
				7A35AE4065C9D6E55856835E /* Pods_Todoey.framework */,
			);
			name = Frameworks;
			sourceTree = "<group>";
		};
/* End PBXGroup section */

/* Begin PBXNativeTarget section */
		1270F94E2743EB70002466AD /* Todoey */ = {
			isa = PBXNativeTarget;
			buildConfigurationList = 1270F9632743EB70002466AD /* Build configuration list for PBXNativeTarget "Todoey" */;
			buildPhases = (
				6001464CD491720235242DCA /* [CP] Check Pods Manifest.lock */,
				1270F94B2743EB70002466AD /* Sources */,
				1270F94C2743EB70002466AD /* Frameworks */,
				1270F94D2743EB70002466AD /* Resources */,
				0C88069F47FE80EDD12D1FCB /* [CP] Embed Pods Frameworks */,
			);
			buildRules = (
			);
			dependencies = (
			);
			name = Todoey;
			packageProductDependencies = (
				12B0E9E527E61B35002721C4 /* Realm */,
				12B0E9E727E61B35002721C4 /* RealmSwift */,
				128376D627F39CDE003D54C0 /* SwipeCellKit */,
			);
			productName = Todoey;
			productReference = 1270F94F2743EB70002466AD /* Todoey.app */;
			productType = "com.apple.product-type.application";
		};
/* End PBXNativeTarget section */

/* Begin PBXProject section */
		1270F9472743EB70002466AD /* Project object */ = {
			isa = PBXProject;
			attributes = {
				BuildIndependentTargetsInParallel = 1;
				LastSwiftUpdateCheck = 1310;
				LastUpgradeCheck = 1310;
				TargetAttributes = {
					1270F94E2743EB70002466AD = {
						CreatedOnToolsVersion = 13.1;
					};
				};
			};
			buildConfigurationList = 1270F94A2743EB70002466AD /* Build configuration list for PBXProject "Todoey" */;
			compatibilityVersion = "Xcode 13.0";
			developmentRegion = en;
			hasScannedForEncodings = 0;
			knownRegions = (
				en,
				Base,
			);
			mainGroup = 1270F9462743EB70002466AD;
			packageReferences = (
				12B0E9E427E61B35002721C4 /* XCRemoteSwiftPackageReference "realm-swift.git" */,
				128376D527F39CDE003D54C0 /* XCRemoteSwiftPackageReference "SwipeCellKit" */,
			);
			productRefGroup = 1270F9502743EB70002466AD /* Products */;
			projectDirPath = "";
			projectRoot = "";
			targets = (
				1270F94E2743EB70002466AD /* Todoey */,
			);
		};
/* End PBXProject section */

/* Begin PBXResourcesBuildPhase section */
		1270F94D2743EB70002466AD /* Resources */ = {
			isa = PBXResourcesBuildPhase;
			buildActionMask = 2147483647;
			files = (
				1270F95F2743EB70002466AD /* LaunchScreen.storyboard in Resources */,
				1270F95C2743EB70002466AD /* Assets.xcassets in Resources */,
				128376D927F39FC6003D54C0 /* Assets.xcassets in Resources */,
				1270F95A2743EB70002466AD /* Main.storyboard in Resources */,
			);
			runOnlyForDeploymentPostprocessing = 0;
		};
/* End PBXResourcesBuildPhase section */

/* Begin PBXShellScriptBuildPhase section */
		0C88069F47FE80EDD12D1FCB /* [CP] Embed Pods Frameworks */ = {
			isa = PBXShellScriptBuildPhase;
			buildActionMask = 2147483647;
			files = (
			);
			inputFileListPaths = (
				"${PODS_ROOT}/Target Support Files/Pods-Todoey/Pods-Todoey-frameworks-${CONFIGURATION}-input-files.xcfilelist",
			);
			name = "[CP] Embed Pods Frameworks";
			outputFileListPaths = (
				"${PODS_ROOT}/Target Support Files/Pods-Todoey/Pods-Todoey-frameworks-${CONFIGURATION}-output-files.xcfilelist",
			);
			runOnlyForDeploymentPostprocessing = 0;
			shellPath = /bin/sh;
			shellScript = "\"${PODS_ROOT}/Target Support Files/Pods-Todoey/Pods-Todoey-frameworks.sh\"\n";
			showEnvVarsInLog = 0;
		};
		6001464CD491720235242DCA /* [CP] Check Pods Manifest.lock */ = {
			isa = PBXShellScriptBuildPhase;
			buildActionMask = 2147483647;
			files = (
			);
			inputFileListPaths = (
			);
			inputPaths = (
				"${PODS_PODFILE_DIR_PATH}/Podfile.lock",
				"${PODS_ROOT}/Manifest.lock",
			);
			name = "[CP] Check Pods Manifest.lock";
			outputFileListPaths = (
			);
			outputPaths = (
				"$(DERIVED_FILE_DIR)/Pods-Todoey-checkManifestLockResult.txt",
			);
			runOnlyForDeploymentPostprocessing = 0;
			shellPath = /bin/sh;
			shellScript = "diff \"${PODS_PODFILE_DIR_PATH}/Podfile.lock\" \"${PODS_ROOT}/Manifest.lock\" > /dev/null\nif [ $? != 0 ] ; then\n    # print error to STDERR\n    echo \"error: The sandbox is not in sync with the Podfile.lock. Run 'pod install' or update your CocoaPods installation.\" >&2\n    exit 1\nfi\n# This output is used by Xcode 'outputs' to avoid re-running this script phase.\necho \"SUCCESS\" > \"${SCRIPT_OUTPUT_FILE_0}\"\n";
			showEnvVarsInLog = 0;
		};
/* End PBXShellScriptBuildPhase section */

/* Begin PBXSourcesBuildPhase section */
		1270F94B2743EB70002466AD /* Sources */ = {
			isa = PBXSourcesBuildPhase;
			buildActionMask = 2147483647;
			files = (
				12FAD58327E25E3100E311E5 /* CategoryViewController.swift in Sources */,
				1270F9672743ECE8002466AD /* TodoListViewController.swift in Sources */,
				1270F9532743EB70002466AD /* AppDelegate.swift in Sources */,
				128376DB27F4F194003D54C0 /* SwipeTableViewController.swift in Sources */,
				1279E44527EA5B57007AFB96 /* Item.swift in Sources */,
				1270F9552743EB70002466AD /* SceneDelegate.swift in Sources */,
				1279E44727EA5B5E007AFB96 /* Category.swift in Sources */,
			);
			runOnlyForDeploymentPostprocessing = 0;
		};
/* End PBXSourcesBuildPhase section */

/* Begin PBXVariantGroup section */
		1270F9582743EB70002466AD /* Main.storyboard */ = {
			isa = PBXVariantGroup;
			children = (
				1270F9592743EB70002466AD /* Base */,
			);
			name = Main.storyboard;
			sourceTree = "<group>";
		};
		1270F95D2743EB70002466AD /* LaunchScreen.storyboard */ = {
			isa = PBXVariantGroup;
			children = (
				1270F95E2743EB70002466AD /* Base */,
			);
			name = LaunchScreen.storyboard;
			sourceTree = "<group>";
		};
/* End PBXVariantGroup section */

/* Begin XCBuildConfiguration section */
		1270F9612743EB70002466AD /* Debug */ = {
			isa = XCBuildConfiguration;
			buildSettings = {
				ALWAYS_SEARCH_USER_PATHS = NO;
				CLANG_ANALYZER_NONNULL = YES;
				CLANG_ANALYZER_NUMBER_OBJECT_CONVERSION = YES_AGGRESSIVE;
				CLANG_CXX_LANGUAGE_STANDARD = "gnu++17";
				CLANG_CXX_LIBRARY = "libc++";
				CLANG_ENABLE_MODULES = YES;
				CLANG_ENABLE_OBJC_ARC = YES;
				CLANG_ENABLE_OBJC_WEAK = YES;
				CLANG_WARN_BLOCK_CAPTURE_AUTORELEASING = YES;
				CLANG_WARN_BOOL_CONVERSION = YES;
				CLANG_WARN_COMMA = YES;
				CLANG_WARN_CONSTANT_CONVERSION = YES;
				CLANG_WARN_DEPRECATED_OBJC_IMPLEMENTATIONS = YES;
				CLANG_WARN_DIRECT_OBJC_ISA_USAGE = YES_ERROR;
				CLANG_WARN_DOCUMENTATION_COMMENTS = YES;
				CLANG_WARN_EMPTY_BODY = YES;
				CLANG_WARN_ENUM_CONVERSION = YES;
				CLANG_WARN_INFINITE_RECURSION = YES;
				CLANG_WARN_INT_CONVERSION = YES;
				CLANG_WARN_NON_LITERAL_NULL_CONVERSION = YES;
				CLANG_WARN_OBJC_IMPLICIT_RETAIN_SELF = YES;
				CLANG_WARN_OBJC_LITERAL_CONVERSION = YES;
				CLANG_WARN_OBJC_ROOT_CLASS = YES_ERROR;
				CLANG_WARN_QUOTED_INCLUDE_IN_FRAMEWORK_HEADER = YES;
				CLANG_WARN_RANGE_LOOP_ANALYSIS = YES;
				CLANG_WARN_STRICT_PROTOTYPES = YES;
				CLANG_WARN_SUSPICIOUS_MOVE = YES;
				CLANG_WARN_UNGUARDED_AVAILABILITY = YES_AGGRESSIVE;
				CLANG_WARN_UNREACHABLE_CODE = YES;
				CLANG_WARN__DUPLICATE_METHOD_MATCH = YES;
				COPY_PHASE_STRIP = NO;
				DEBUG_INFORMATION_FORMAT = dwarf;
				ENABLE_STRICT_OBJC_MSGSEND = YES;
				ENABLE_TESTABILITY = YES;
				GCC_C_LANGUAGE_STANDARD = gnu11;
				GCC_DYNAMIC_NO_PIC = NO;
				GCC_NO_COMMON_BLOCKS = YES;
				GCC_OPTIMIZATION_LEVEL = 0;
				GCC_PREPROCESSOR_DEFINITIONS = (
					"DEBUG=1",
					"$(inherited)",
				);
				GCC_WARN_64_TO_32_BIT_CONVERSION = YES;
				GCC_WARN_ABOUT_RETURN_TYPE = YES_ERROR;
				GCC_WARN_UNDECLARED_SELECTOR = YES;
				GCC_WARN_UNINITIALIZED_AUTOS = YES_AGGRESSIVE;
				GCC_WARN_UNUSED_FUNCTION = YES;
				GCC_WARN_UNUSED_VARIABLE = YES;
				IPHONEOS_DEPLOYMENT_TARGET = 15.0;
				MTL_ENABLE_DEBUG_INFO = INCLUDE_SOURCE;
				MTL_FAST_MATH = YES;
				ONLY_ACTIVE_ARCH = YES;
				SDKROOT = iphoneos;
				SWIFT_ACTIVE_COMPILATION_CONDITIONS = DEBUG;
				SWIFT_OPTIMIZATION_LEVEL = "-Onone";
			};
			name = Debug;
		};
		1270F9622743EB70002466AD /* Release */ = {
			isa = XCBuildConfiguration;
			buildSettings = {
				ALWAYS_SEARCH_USER_PATHS = NO;
				CLANG_ANALYZER_NONNULL = YES;
				CLANG_ANALYZER_NUMBER_OBJECT_CONVERSION = YES_AGGRESSIVE;
				CLANG_CXX_LANGUAGE_STANDARD = "gnu++17";
				CLANG_CXX_LIBRARY = "libc++";
				CLANG_ENABLE_MODULES = YES;
				CLANG_ENABLE_OBJC_ARC = YES;
				CLANG_ENABLE_OBJC_WEAK = YES;
				CLANG_WARN_BLOCK_CAPTURE_AUTORELEASING = YES;
				CLANG_WARN_BOOL_CONVERSION = YES;
				CLANG_WARN_COMMA = YES;
				CLANG_WARN_CONSTANT_CONVERSION = YES;
				CLANG_WARN_DEPRECATED_OBJC_IMPLEMENTATIONS = YES;
				CLANG_WARN_DIRECT_OBJC_ISA_USAGE = YES_ERROR;
				CLANG_WARN_DOCUMENTATION_COMMENTS = YES;
				CLANG_WARN_EMPTY_BODY = YES;
				CLANG_WARN_ENUM_CONVERSION = YES;
				CLANG_WARN_INFINITE_RECURSION = YES;
				CLANG_WARN_INT_CONVERSION = YES;
				CLANG_WARN_NON_LITERAL_NULL_CONVERSION = YES;
				CLANG_WARN_OBJC_IMPLICIT_RETAIN_SELF = YES;
				CLANG_WARN_OBJC_LITERAL_CONVERSION = YES;
				CLANG_WARN_OBJC_ROOT_CLASS = YES_ERROR;
				CLANG_WARN_QUOTED_INCLUDE_IN_FRAMEWORK_HEADER = YES;
				CLANG_WARN_RANGE_LOOP_ANALYSIS = YES;
				CLANG_WARN_STRICT_PROTOTYPES = YES;
				CLANG_WARN_SUSPICIOUS_MOVE = YES;
				CLANG_WARN_UNGUARDED_AVAILABILITY = YES_AGGRESSIVE;
				CLANG_WARN_UNREACHABLE_CODE = YES;
				CLANG_WARN__DUPLICATE_METHOD_MATCH = YES;
				COPY_PHASE_STRIP = NO;
				DEBUG_INFORMATION_FORMAT = "dwarf-with-dsym";
				ENABLE_NS_ASSERTIONS = NO;
				ENABLE_STRICT_OBJC_MSGSEND = YES;
				GCC_C_LANGUAGE_STANDARD = gnu11;
				GCC_NO_COMMON_BLOCKS = YES;
				GCC_WARN_64_TO_32_BIT_CONVERSION = YES;
				GCC_WARN_ABOUT_RETURN_TYPE = YES_ERROR;
				GCC_WARN_UNDECLARED_SELECTOR = YES;
				GCC_WARN_UNINITIALIZED_AUTOS = YES_AGGRESSIVE;
				GCC_WARN_UNUSED_FUNCTION = YES;
				GCC_WARN_UNUSED_VARIABLE = YES;
				IPHONEOS_DEPLOYMENT_TARGET = 15.0;
				MTL_ENABLE_DEBUG_INFO = NO;
				MTL_FAST_MATH = YES;
				SDKROOT = iphoneos;
				SWIFT_COMPILATION_MODE = wholemodule;
				SWIFT_OPTIMIZATION_LEVEL = "-O";
				VALIDATE_PRODUCT = YES;
			};
			name = Release;
		};
		1270F9642743EB70002466AD /* Debug */ = {
			isa = XCBuildConfiguration;
			baseConfigurationReference = 6737E3329C28D18E858768FF /* Pods-Todoey.debug.xcconfig */;
			buildSettings = {
				ASSETCATALOG_COMPILER_APPICON_NAME = AppIcon;
				ASSETCATALOG_COMPILER_GLOBAL_ACCENT_COLOR_NAME = AccentColor;
				CODE_SIGN_STYLE = Automatic;
				CURRENT_PROJECT_VERSION = 1;
				DEVELOPMENT_TEAM = X898K49UV8;
				GENERATE_INFOPLIST_FILE = YES;
				INFOPLIST_FILE = Todoey/Info.plist;
				INFOPLIST_KEY_UIApplicationSupportsIndirectInputEvents = YES;
				INFOPLIST_KEY_UILaunchStoryboardName = LaunchScreen;
				INFOPLIST_KEY_UIMainStoryboardFile = Main;
				INFOPLIST_KEY_UISupportedInterfaceOrientations_iPad = "UIInterfaceOrientationPortrait UIInterfaceOrientationPortraitUpsideDown UIInterfaceOrientationLandscapeLeft UIInterfaceOrientationLandscapeRight";
				INFOPLIST_KEY_UISupportedInterfaceOrientations_iPhone = "UIInterfaceOrientationPortrait UIInterfaceOrientationLandscapeLeft UIInterfaceOrientationLandscapeRight";
				LD_RUNPATH_SEARCH_PATHS = (
					"$(inherited)",
					"@executable_path/Frameworks",
				);
				MARKETING_VERSION = 1.0;
				PRODUCT_BUNDLE_IDENTIFIER = com.monas.Todoey;
				PRODUCT_NAME = "$(TARGET_NAME)";
				SWIFT_EMIT_LOC_STRINGS = YES;
				SWIFT_VERSION = 5.0;
				TARGETED_DEVICE_FAMILY = "1,2";
			};
			name = Debug;
		};
		1270F9652743EB70002466AD /* Release */ = {
			isa = XCBuildConfiguration;
			baseConfigurationReference = 9A319851F11941BAC9D9130C /* Pods-Todoey.release.xcconfig */;
			buildSettings = {
				ASSETCATALOG_COMPILER_APPICON_NAME = AppIcon;
				ASSETCATALOG_COMPILER_GLOBAL_ACCENT_COLOR_NAME = AccentColor;
				CODE_SIGN_STYLE = Automatic;
				CURRENT_PROJECT_VERSION = 1;
				DEVELOPMENT_TEAM = X898K49UV8;
				GENERATE_INFOPLIST_FILE = YES;
				INFOPLIST_FILE = Todoey/Info.plist;
				INFOPLIST_KEY_UIApplicationSupportsIndirectInputEvents = YES;
				INFOPLIST_KEY_UILaunchStoryboardName = LaunchScreen;
				INFOPLIST_KEY_UIMainStoryboardFile = Main;
				INFOPLIST_KEY_UISupportedInterfaceOrientations_iPad = "UIInterfaceOrientationPortrait UIInterfaceOrientationPortraitUpsideDown UIInterfaceOrientationLandscapeLeft UIInterfaceOrientationLandscapeRight";
				INFOPLIST_KEY_UISupportedInterfaceOrientations_iPhone = "UIInterfaceOrientationPortrait UIInterfaceOrientationLandscapeLeft UIInterfaceOrientationLandscapeRight";
				LD_RUNPATH_SEARCH_PATHS = (
					"$(inherited)",
					"@executable_path/Frameworks",
				);
				MARKETING_VERSION = 1.0;
				PRODUCT_BUNDLE_IDENTIFIER = com.monas.Todoey;
				PRODUCT_NAME = "$(TARGET_NAME)";
				SWIFT_EMIT_LOC_STRINGS = YES;
				SWIFT_VERSION = 5.0;
				TARGETED_DEVICE_FAMILY = "1,2";
			};
			name = Release;
		};
/* End XCBuildConfiguration section */

/* Begin XCConfigurationList section */
		1270F94A2743EB70002466AD /* Build configuration list for PBXProject "Todoey" */ = {
			isa = XCConfigurationList;
			buildConfigurations = (
				1270F9612743EB70002466AD /* Debug */,
				1270F9622743EB70002466AD /* Release */,
			);
			defaultConfigurationIsVisible = 0;
			defaultConfigurationName = Release;
		};
		1270F9632743EB70002466AD /* Build configuration list for PBXNativeTarget "Todoey" */ = {
			isa = XCConfigurationList;
			buildConfigurations = (
				1270F9642743EB70002466AD /* Debug */,
				1270F9652743EB70002466AD /* Release */,
			);
			defaultConfigurationIsVisible = 0;
			defaultConfigurationName = Release;
		};
/* End XCConfigurationList section */

/* Begin XCRemoteSwiftPackageReference section */
		128376D527F39CDE003D54C0 /* XCRemoteSwiftPackageReference "SwipeCellKit" */ = {
			isa = XCRemoteSwiftPackageReference;
			repositoryURL = "https://github.com/SwipeCellKit/SwipeCellKit";
			requirement = {
				kind = upToNextMajorVersion;
				minimumVersion = 2.0.0;
			};
		};
		12B0E9E427E61B35002721C4 /* XCRemoteSwiftPackageReference "realm-swift.git" */ = {
			isa = XCRemoteSwiftPackageReference;
			repositoryURL = "https://github.com/realm/realm-swift.git";
			requirement = {
				kind = upToNextMajorVersion;
				minimumVersion = 5.0.0;
			};
		};
/* End XCRemoteSwiftPackageReference section */

/* Begin XCSwiftPackageProductDependency section */
		128376D627F39CDE003D54C0 /* SwipeCellKit */ = {
			isa = XCSwiftPackageProductDependency;
			package = 128376D527F39CDE003D54C0 /* XCRemoteSwiftPackageReference "SwipeCellKit" */;
			productName = SwipeCellKit;
		};
		12B0E9E527E61B35002721C4 /* Realm */ = {
			isa = XCSwiftPackageProductDependency;
			package = 12B0E9E427E61B35002721C4 /* XCRemoteSwiftPackageReference "realm-swift.git" */;
			productName = Realm;
		};
		12B0E9E727E61B35002721C4 /* RealmSwift */ = {
			isa = XCSwiftPackageProductDependency;
			package = 12B0E9E427E61B35002721C4 /* XCRemoteSwiftPackageReference "realm-swift.git" */;
			productName = RealmSwift;
		};
/* End XCSwiftPackageProductDependency section */
	};
	rootObject = 1270F9472743EB70002466AD /* Project object */;
}
